{
  "originHash" : "8fed4e88e7cb699a053afd8e4548c9cb38e6f165c03909a03ba44d424a5e2cbd",
  "pins" : [
    {
      "identity" : "teya-unified-epos-sdk-pod-spm",
      "kind" : "remoteSourceControl",
      "location" : "https://github.com/saltpay/teya-unified-epos-sdk-pod-spm",
      "state" : {
        "revision" : "15e3dbcef2e545f2446a89cb840a7845352fcdc6",
        "version" : "1.4.0"
      }
    }
  ],
  "version" : 3
}
