{
  "originHash" : "c211b365e7aa73d4863066940fae0d6589edacabb9e2bb169fe39d0ee07dc872",
  "pins" : [
    {
      "identity" : "lemonade-design-system",
      "kind" : "remoteSourceControl",
      "location" : "https://github.com/saltpay/lemonade-design-system.git",
      "state" : {
        "revision" : "04379d4aaa200eb9ca60ef718e85323934ddb3ff",
        "version" : "0.16.3"
      }
    },
    {
      "identity" : "teya-unified-epos-sdk-pod-spm",
      "kind" : "remoteSourceControl",
      "location" : "https://github.com/saltpay/teya-unified-epos-sdk-pod-spm",
      "state" : {
        "revision" : "8bcf7a65608450c9d33cdfaca1faf34b38588464",
        "version" : "1.7.0"
      }
    }
  ],
  "version" : 3
}
